
Microsoft Visual Studio Solution File, Format Version 12.00
# Visual Studio 2013
VisualStudioVersion = 12.0.30501.0
MinimumVisualStudioVersion = 10.0.40219.1
Project("{F5034706-568F-408A-B7B3-4D38C6DB8A32}") = "ReleaseManagementForAX", "ReleaseManagementForAX.pssproj", "{6CAFC0C6-A428-4D30-A9F9-700E829FEA51}"
EndProject
Project("{FAE04EC0-301F-11D3-BF4B-00C04F79EFBC}") = "RDAX.CodeCribWrapper", "..\RDAX.CodeCribWrapper\RDAX.CodeCribWrapper.csproj", "{CC972B6F-59B6-4C09-86CB-5E9A97C26700}"
EndProject
Global
	GlobalSection(TeamFoundationVersionControl) = preSolution
		SccNumberOfProjects = 3
		SccEnterpriseProvider = {4CA58AB2-18FA-4F8D-95D4-32DDF27D184C}
		SccTeamFoundationServer = https://kennysaelen.visualstudio.com/defaultcollection
		SccLocalPath0 = .
		SccProjectUniqueName1 = ReleaseManagementForAX.pssproj
		SccLocalPath1 = .
		SccProjectUniqueName2 = ..\\RDAX.CodeCribWrapper\\RDAX.CodeCribWrapper.csproj
		SccProjectName2 = ../RDAX.CodeCribWrapper
		SccLocalPath2 = ..\\RDAX.CodeCribWrapper
	EndGlobalSection
	GlobalSection(SolutionConfigurationPlatforms) = preSolution
		Debug|Any CPU = Debug|Any CPU
		Release|Any CPU = Release|Any CPU
	EndGlobalSection
	GlobalSection(ProjectConfigurationPlatforms) = postSolution
		{6CAFC0C6-A428-4D30-A9F9-700E829FEA51}.Debug|Any CPU.ActiveCfg = Debug|Any CPU
		{6CAFC0C6-A428-4D30-A9F9-700E829FEA51}.Debug|Any CPU.Build.0 = Debug|Any CPU
		{6CAFC0C6-A428-4D30-A9F9-700E829FEA51}.Release|Any CPU.ActiveCfg = Release|Any CPU
		{6CAFC0C6-A428-4D30-A9F9-700E829FEA51}.Release|Any CPU.Build.0 = Release|Any CPU
		{CC972B6F-59B6-4C09-86CB-5E9A97C26700}.Debug|Any CPU.ActiveCfg = Debug|Any CPU
		{CC972B6F-59B6-4C09-86CB-5E9A97C26700}.Debug|Any CPU.Build.0 = Debug|Any CPU
		{CC972B6F-59B6-4C09-86CB-5E9A97C26700}.Release|Any CPU.ActiveCfg = Release|Any CPU
		{CC972B6F-59B6-4C09-86CB-5E9A97C26700}.Release|Any CPU.Build.0 = Release|Any CPU
	EndGlobalSection
	GlobalSection(SolutionProperties) = preSolution
		HideSolutionNode = FALSE
	EndGlobalSection
EndGlobal
